
Microsoft Visual Studio Solution File, Format Version 12.00
# Visual Studio Version 17
VisualStudioVersion = 17.8.34309.116
MinimumVisualStudioVersion = 10.0.40219.1
Project("{FAE04EC0-301F-11D3-BF4B-00C04F79EFBC}") = "PesKitTask", "PesKitTask.csproj", "{C7CA0899-DF8D-4779-B9DB-DE3E8917EF5F}"
EndProject
Global
	GlobalSection(SolutionConfigurationPlatforms) = preSolution
		Debug|Any CPU = Debug|Any CPU
		Release|Any CPU = Release|Any CPU
	EndGlobalSection
	GlobalSection(ProjectConfigurationPlatforms) = postSolution
		{C7CA0899-DF8D-4779-B9DB-DE3E8917EF5F}.Debug|Any CPU.ActiveCfg = Debug|Any CPU
		{C7CA0899-DF8D-4779-B9DB-DE3E8917EF5F}.Debug|Any CPU.Build.0 = Debug|Any CPU
		{C7CA0899-DF8D-4779-B9DB-DE3E8917EF5F}.Release|Any CPU.ActiveCfg = Release|Any CPU
		{C7CA0899-DF8D-4779-B9DB-DE3E8917EF5F}.Release|Any CPU.Build.0 = Release|Any CPU
	EndGlobalSection
	GlobalSection(SolutionProperties) = preSolution
		HideSolutionNode = FALSE
	EndGlobalSection
	GlobalSection(ExtensibilityGlobals) = postSolution
		SolutionGuid = {B55D37B7-4581-4441-B409-7293521DD068}
	EndGlobalSection
EndGlobal
